
Microsoft Visual Studio Solution File, Format Version 12.00
# Visual Studio Version 16
VisualStudioVersion = 16.0.31424.327
MinimumVisualStudioVersion = 10.0.40219.1
Project("{FAE04EC0-301F-11D3-BF4B-00C04F79EFBC}") = "Animal_Sample_oop2", "Animal_Sample_oop2\Animal_Sample_oop2.csproj", "{81D648A8-2EC3-4736-B534-7279E67E8877}"
EndProject
Global
	GlobalSection(SolutionConfigurationPlatforms) = preSolution
		Debug|Any CPU = Debug|Any CPU
		Release|Any CPU = Release|Any CPU
	EndGlobalSection
	GlobalSection(ProjectConfigurationPlatforms) = postSolution
		{81D648A8-2EC3-4736-B534-7279E67E8877}.Debug|Any CPU.ActiveCfg = Debug|Any CPU
		{81D648A8-2EC3-4736-B534-7279E67E8877}.Debug|Any CPU.Build.0 = Debug|Any CPU
		{81D648A8-2EC3-4736-B534-7279E67E8877}.Release|Any CPU.ActiveCfg = Release|Any CPU
		{81D648A8-2EC3-4736-B534-7279E67E8877}.Release|Any CPU.Build.0 = Release|Any CPU
	EndGlobalSection
	GlobalSection(SolutionProperties) = preSolution
		HideSolutionNode = FALSE
	EndGlobalSection
	GlobalSection(ExtensibilityGlobals) = postSolution
		SolutionGuid = {7E2D92F1-DFE0-4B34-BEBA-60728F767183}
	EndGlobalSection
EndGlobal
